
Microsoft Visual Studio Solution File, Format Version 12.00
# Visual Studio Version 17
VisualStudioVersion = 17.11.35431.28
MinimumVisualStudioVersion = 10.0.40219.1
Project("{FAE04EC0-301F-11D3-BF4B-00C04F79EFBC}") = "LostInTranslation", "LostInTranslation\LostInTranslation.csproj", "{56ABD26B-9790-42B7-87BC-EC1A550B8FD1}"
EndProject
Global
	GlobalSection(SolutionConfigurationPlatforms) = preSolution
		Debug|Any CPU = Debug|Any CPU
		Release|Any CPU = Release|Any CPU
	EndGlobalSection
	GlobalSection(ProjectConfigurationPlatforms) = postSolution
		{56ABD26B-9790-42B7-87BC-EC1A550B8FD1}.Debug|Any CPU.ActiveCfg = Debug|Any CPU
		{56ABD26B-9790-42B7-87BC-EC1A550B8FD1}.Debug|Any CPU.Build.0 = Debug|Any CPU
		{56ABD26B-9790-42B7-87BC-EC1A550B8FD1}.Release|Any CPU.ActiveCfg = Release|Any CPU
		{56ABD26B-9790-42B7-87BC-EC1A550B8FD1}.Release|Any CPU.Build.0 = Release|Any CPU
	EndGlobalSection
	GlobalSection(SolutionProperties) = preSolution
		HideSolutionNode = FALSE
	EndGlobalSection
	GlobalSection(ExtensibilityGlobals) = postSolution
		SolutionGuid = {BDA2A405-668A-4B75-958B-6467AB0D4696}
	EndGlobalSection
EndGlobal
